
Microsoft Visual Studio Solution File, Format Version 11.00
# Visual Studio 2010
Project("{FAE04EC0-301F-11D3-BF4B-00C04F79EFBC}") = "arkanaball", "Assembly-CSharp.csproj", "{59FB0D4C-27CC-15A5-D07D-EBBEEF283267}"
EndProject
Project("{FAE04EC0-301F-11D3-BF4B-00C04F79EFBC}") = "arkanaball", "Assembly-CSharp-Editor.csproj", "{0FC56CF2-1954-28D6-A31F-B04E8F72649E}"
EndProject
Global
	GlobalSection(SolutionConfigurationPlatforms) = preSolution
		Debug|Any CPU = Debug|Any CPU
		Release|Any CPU = Release|Any CPU
	EndGlobalSection
	GlobalSection(ProjectConfigurationPlatforms) = postSolution
		{59FB0D4C-27CC-15A5-D07D-EBBEEF283267}.Debug|Any CPU.ActiveCfg = Debug|Any CPU
		{59FB0D4C-27CC-15A5-D07D-EBBEEF283267}.Debug|Any CPU.Build.0 = Debug|Any CPU
		{59FB0D4C-27CC-15A5-D07D-EBBEEF283267}.Release|Any CPU.ActiveCfg = Release|Any CPU
		{59FB0D4C-27CC-15A5-D07D-EBBEEF283267}.Release|Any CPU.Build.0 = Release|Any CPU
		{0FC56CF2-1954-28D6-A31F-B04E8F72649E}.Debug|Any CPU.ActiveCfg = Debug|Any CPU
		{0FC56CF2-1954-28D6-A31F-B04E8F72649E}.Debug|Any CPU.Build.0 = Debug|Any CPU
		{0FC56CF2-1954-28D6-A31F-B04E8F72649E}.Release|Any CPU.ActiveCfg = Release|Any CPU
		{0FC56CF2-1954-28D6-A31F-B04E8F72649E}.Release|Any CPU.Build.0 = Release|Any CPU
	EndGlobalSection
	GlobalSection(SolutionProperties) = preSolution
		HideSolutionNode = FALSE
	EndGlobalSection
	GlobalSection(MonoDevelopProperties) = preSolution
		StartupItem = Assembly-CSharp.csproj
	EndGlobalSection
EndGlobal
